
Microsoft Visual Studio Solution File, Format Version 12.00
# Visual Studio Version 16
VisualStudioVersion = 16.0.29123.89
MinimumVisualStudioVersion = 10.0.40219.1
Project("{FAE04EC0-301F-11D3-BF4B-00C04F79EFBC}") = "TranslateTest", "TranslateTest\TranslateTest.csproj", "{661CB935-8472-4B07-83FD-6B0DC17CA533}"
EndProject
Global
	GlobalSection(SolutionConfigurationPlatforms) = preSolution
		Debug|Any CPU = Debug|Any CPU
		Release|Any CPU = Release|Any CPU
	EndGlobalSection
	GlobalSection(ProjectConfigurationPlatforms) = postSolution
		{661CB935-8472-4B07-83FD-6B0DC17CA533}.Debug|Any CPU.ActiveCfg = Debug|Any CPU
		{661CB935-8472-4B07-83FD-6B0DC17CA533}.Debug|Any CPU.Build.0 = Debug|Any CPU
		{661CB935-8472-4B07-83FD-6B0DC17CA533}.Release|Any CPU.ActiveCfg = Release|Any CPU
		{661CB935-8472-4B07-83FD-6B0DC17CA533}.Release|Any CPU.Build.0 = Release|Any CPU
	EndGlobalSection
	GlobalSection(SolutionProperties) = preSolution
		HideSolutionNode = FALSE
	EndGlobalSection
	GlobalSection(ExtensibilityGlobals) = postSolution
		SolutionGuid = {D066D3CA-5814-4CB9-871F-DF898937287E}
	EndGlobalSection
EndGlobal
